
Microsoft Visual Studio Solution File, Format Version 12.00
# Visual Studio Version 16
VisualStudioVersion = 16.0.29209.62
MinimumVisualStudioVersion = 10.0.40219.1
Project("{FAE04EC0-301F-11D3-BF4B-00C04F79EFBC}") = "PasteProperty", "PasteProperty\PasteProperty.csproj", "{81FF90B7-353A-4F44-B9A0-74CC59A5B21C}"
EndProject
Global
	GlobalSection(SolutionConfigurationPlatforms) = preSolution
		Debug|Any CPU = Debug|Any CPU
		Release|Any CPU = Release|Any CPU
	EndGlobalSection
	GlobalSection(ProjectConfigurationPlatforms) = postSolution
		{81FF90B7-353A-4F44-B9A0-74CC59A5B21C}.Debug|Any CPU.ActiveCfg = Debug|Any CPU
		{81FF90B7-353A-4F44-B9A0-74CC59A5B21C}.Debug|Any CPU.Build.0 = Debug|Any CPU
		{81FF90B7-353A-4F44-B9A0-74CC59A5B21C}.Release|Any CPU.ActiveCfg = Release|Any CPU
		{81FF90B7-353A-4F44-B9A0-74CC59A5B21C}.Release|Any CPU.Build.0 = Release|Any CPU
	EndGlobalSection
	GlobalSection(SolutionProperties) = preSolution
		HideSolutionNode = FALSE
	EndGlobalSection
	GlobalSection(ExtensibilityGlobals) = postSolution
		SolutionGuid = {86050091-D0F5-4C52-A1C3-66B81756FD0A}
	EndGlobalSection
EndGlobal
